
Microsoft Visual Studio Solution File, Format Version 12.00
# Visual Studio Version 16
VisualStudioVersion = 16.0.29806.167
MinimumVisualStudioVersion = 10.0.40219.1
Project("{FAE04EC0-301F-11D3-BF4B-00C04F79EFBC}") = "ConsoleApp", "ConsoleApp.csproj", "{2F0E600D-87E3-4269-BAAC-91BA4FE4DE9B}"
EndProject
Project("{FAE04EC0-301F-11D3-BF4B-00C04F79EFBC}") = "ClassLibrary1", "..\ClassLibrary1\ClassLibrary1.csproj", "{59D152AB-E43B-43E1-8146-DC1A1CD957DA}"
EndProject
Global
	GlobalSection(SolutionConfigurationPlatforms) = preSolution
		Debug|Any CPU = Debug|Any CPU
		Release|Any CPU = Release|Any CPU
	EndGlobalSection
	GlobalSection(ProjectConfigurationPlatforms) = postSolution
		{2F0E600D-87E3-4269-BAAC-91BA4FE4DE9B}.Debug|Any CPU.ActiveCfg = Debug|Any CPU
		{2F0E600D-87E3-4269-BAAC-91BA4FE4DE9B}.Debug|Any CPU.Build.0 = Debug|Any CPU
		{2F0E600D-87E3-4269-BAAC-91BA4FE4DE9B}.Release|Any CPU.ActiveCfg = Release|Any CPU
		{2F0E600D-87E3-4269-BAAC-91BA4FE4DE9B}.Release|Any CPU.Build.0 = Release|Any CPU
		{59D152AB-E43B-43E1-8146-DC1A1CD957DA}.Debug|Any CPU.ActiveCfg = Debug|Any CPU
		{59D152AB-E43B-43E1-8146-DC1A1CD957DA}.Debug|Any CPU.Build.0 = Debug|Any CPU
		{59D152AB-E43B-43E1-8146-DC1A1CD957DA}.Release|Any CPU.ActiveCfg = Release|Any CPU
		{59D152AB-E43B-43E1-8146-DC1A1CD957DA}.Release|Any CPU.Build.0 = Release|Any CPU
	EndGlobalSection
	GlobalSection(SolutionProperties) = preSolution
		HideSolutionNode = FALSE
	EndGlobalSection
	GlobalSection(ExtensibilityGlobals) = postSolution
		SolutionGuid = {9EA2C21A-E9E1-4EBD-9DE2-F2002A769070}
	EndGlobalSection
EndGlobal
